
Microsoft Visual Studio Solution File, Format Version 12.00
# Visual Studio Version 16
VisualStudioVersion = 16.0.30503.244
MinimumVisualStudioVersion = 10.0.40219.1
Project("{FAE04EC0-301F-11D3-BF4B-00C04F79EFBC}") = "EFDbFirstApproachExample", "EFDbFirstApproachExample\EFDbFirstApproachExample.csproj", "{A878869E-085C-4DE9-8F89-5542E1BA9FE7}"
EndProject
Project("{FAE04EC0-301F-11D3-BF4B-00C04F79EFBC}") = "Company.DataLayer", "Company.DataLayer\Company.DataLayer.csproj", "{CFF96783-65EA-4D0E-BFA3-76C6204AF009}"
EndProject
Project("{FAE04EC0-301F-11D3-BF4B-00C04F79EFBC}") = "Company.DomainModels", "Company.DomainModels\Company.DomainModels.csproj", "{486D7CC6-780A-46AE-B955-2FD344C4AF97}"
EndProject
Project("{FAE04EC0-301F-11D3-BF4B-00C04F79EFBC}") = "Company.ServiceLayer", "Company.ServiceLayer\Company.ServiceLayer.csproj", "{4829FFF8-891F-419E-963D-C3890C22652C}"
EndProject
Project("{FAE04EC0-301F-11D3-BF4B-00C04F79EFBC}") = "Company.ServiceContracts", "Company.ServiceContracts\Company.ServiceContracts.csproj", "{D7FDF531-EFA2-493E-BE70-40FAB25AAA7F}"
EndProject
Project("{FAE04EC0-301F-11D3-BF4B-00C04F79EFBC}") = "Company.RepositoryContracts", "Company.RepositoryContracts\Company.RepositoryContracts.csproj", "{E140A6D9-DDCD-4F36-A397-45D7615341B7}"
EndProject
Project("{FAE04EC0-301F-11D3-BF4B-00C04F79EFBC}") = "Company.RepositoryLayer", "Company.RepositoryLayer\Company.RepositoryLayer.csproj", "{E4F12FFB-3CA2-487B-AE95-38AB65D1D7F3}"
EndProject
Global
	GlobalSection(SolutionConfigurationPlatforms) = preSolution
		Debug|Any CPU = Debug|Any CPU
		Release|Any CPU = Release|Any CPU
	EndGlobalSection
	GlobalSection(ProjectConfigurationPlatforms) = postSolution
		{A878869E-085C-4DE9-8F89-5542E1BA9FE7}.Debug|Any CPU.ActiveCfg = Debug|Any CPU
		{A878869E-085C-4DE9-8F89-5542E1BA9FE7}.Debug|Any CPU.Build.0 = Debug|Any CPU
		{A878869E-085C-4DE9-8F89-5542E1BA9FE7}.Release|Any CPU.ActiveCfg = Release|Any CPU
		{A878869E-085C-4DE9-8F89-5542E1BA9FE7}.Release|Any CPU.Build.0 = Release|Any CPU
		{CFF96783-65EA-4D0E-BFA3-76C6204AF009}.Debug|Any CPU.ActiveCfg = Debug|Any CPU
		{CFF96783-65EA-4D0E-BFA3-76C6204AF009}.Debug|Any CPU.Build.0 = Debug|Any CPU
		{CFF96783-65EA-4D0E-BFA3-76C6204AF009}.Release|Any CPU.ActiveCfg = Release|Any CPU
		{CFF96783-65EA-4D0E-BFA3-76C6204AF009}.Release|Any CPU.Build.0 = Release|Any CPU
		{486D7CC6-780A-46AE-B955-2FD344C4AF97}.Debug|Any CPU.ActiveCfg = Debug|Any CPU
		{486D7CC6-780A-46AE-B955-2FD344C4AF97}.Debug|Any CPU.Build.0 = Debug|Any CPU
		{486D7CC6-780A-46AE-B955-2FD344C4AF97}.Release|Any CPU.ActiveCfg = Release|Any CPU
		{486D7CC6-780A-46AE-B955-2FD344C4AF97}.Release|Any CPU.Build.0 = Release|Any CPU
		{4829FFF8-891F-419E-963D-C3890C22652C}.Debug|Any CPU.ActiveCfg = Debug|Any CPU
		{4829FFF8-891F-419E-963D-C3890C22652C}.Debug|Any CPU.Build.0 = Debug|Any CPU
		{4829FFF8-891F-419E-963D-C3890C22652C}.Release|Any CPU.ActiveCfg = Release|Any CPU
		{4829FFF8-891F-419E-963D-C3890C22652C}.Release|Any CPU.Build.0 = Release|Any CPU
		{D7FDF531-EFA2-493E-BE70-40FAB25AAA7F}.Debug|Any CPU.ActiveCfg = Debug|Any CPU
		{D7FDF531-EFA2-493E-BE70-40FAB25AAA7F}.Debug|Any CPU.Build.0 = Debug|Any CPU
		{D7FDF531-EFA2-493E-BE70-40FAB25AAA7F}.Release|Any CPU.ActiveCfg = Release|Any CPU
		{D7FDF531-EFA2-493E-BE70-40FAB25AAA7F}.Release|Any CPU.Build.0 = Release|Any CPU
		{E140A6D9-DDCD-4F36-A397-45D7615341B7}.Debug|Any CPU.ActiveCfg = Debug|Any CPU
		{E140A6D9-DDCD-4F36-A397-45D7615341B7}.Debug|Any CPU.Build.0 = Debug|Any CPU
		{E140A6D9-DDCD-4F36-A397-45D7615341B7}.Release|Any CPU.ActiveCfg = Release|Any CPU
		{E140A6D9-DDCD-4F36-A397-45D7615341B7}.Release|Any CPU.Build.0 = Release|Any CPU
		{E4F12FFB-3CA2-487B-AE95-38AB65D1D7F3}.Debug|Any CPU.ActiveCfg = Debug|Any CPU
		{E4F12FFB-3CA2-487B-AE95-38AB65D1D7F3}.Debug|Any CPU.Build.0 = Debug|Any CPU
		{E4F12FFB-3CA2-487B-AE95-38AB65D1D7F3}.Release|Any CPU.ActiveCfg = Release|Any CPU
		{E4F12FFB-3CA2-487B-AE95-38AB65D1D7F3}.Release|Any CPU.Build.0 = Release|Any CPU
	EndGlobalSection
	GlobalSection(SolutionProperties) = preSolution
		HideSolutionNode = FALSE
	EndGlobalSection
	GlobalSection(ExtensibilityGlobals) = postSolution
		SolutionGuid = {A4EDB26E-9398-424D-ADC9-22A110D9E202}
	EndGlobalSection
EndGlobal
